// !$*UTF8*$!
{
	archiveVersion = 1;
	classes = {
	};
	objectVersion = 46;
	objects = {

/* Begin PBXBuildFile section */
		3310F0C61E4373CA00B72817 /* AppDelegate.swift in Sources */ = {isa = PBXBuildFile; fileRef = 3310F0C51E4373CA00B72817 /* AppDelegate.swift */; };
		3310F0C81E4373CA00B72817 /* ViewController.swift in Sources */ = {isa = PBXBuildFile; fileRef = 3310F0C71E4373CA00B72817 /* ViewController.swift */; };
		3310F0CB1E4373CA00B72817 /* Main.storyboard in Resources */ = {isa = PBXBuildFile; fileRef = 3310F0C91E4373CA00B72817 /* Main.storyboard */; };
		3310F0CD1E4373CA00B72817 /* Assets.xcassets in Resources */ = {isa = PBXBuildFile; fileRef = 3310F0CC1E4373CA00B72817 /* Assets.xcassets */; };
		3310F0D01E4373CA00B72817 /* LaunchScreen.storyboard in Resources */ = {isa = PBXBuildFile; fileRef = 3310F0CE1E4373CA00B72817 /* LaunchScreen.storyboard */; };
/* End PBXBuildFile section */

/* Begin PBXFileReference section */
		3310F0C21E4373CA00B72817 /* Blippen.app */ = {isa = PBXFileReference; explicitFileType = wrapper.application; includeInIndex = 0; path = Blippen.app; sourceTree = BUILT_PRODUCTS_DIR; };
		3310F0C51E4373CA00B72817 /* AppDelegate.swift */ = {isa = PBXFileReference; lastKnownFileType = sourcecode.swift; path = AppDelegate.swift; sourceTree = "<group>"; };
		3310F0C71E4373CA00B72817 /* ViewController.swift */ = {isa = PBXFileReference; lastKnownFileType = sourcecode.swift; path = ViewController.swift; sourceTree = "<group>"; };
		3310F0CA1E4373CA00B72817 /* Base */ = {isa = PBXFileReference; lastKnownFileType = file.storyboard; name = Base; path = Base.lproj/Main.storyboard; sourceTree = "<group>"; };
		3310F0CC1E4373CA00B72817 /* Assets.xcassets */ = {isa = PBXFileReference; lastKnownFileType = folder.assetcatalog; path = Assets.xcassets; sourceTree = "<group>"; };
		3310F0CF1E4373CA00B72817 /* Base */ = {isa = PBXFileReference; lastKnownFileType = file.storyboard; name = Base; path = Base.lproj/LaunchScreen.storyboard; sourceTree = "<group>"; };
		3310F0D11E4373CA00B72817 /* Info.plist */ = {isa = PBXFileReference; lastKnownFileType = text.plist.xml; path = Info.plist; sourceTree = "<group>"; };
		3310F0DA1E4373CA00B72817 /* BlippenTests.swift */ = {isa = PBXFileReference; lastKnownFileType = sourcecode.swift; path = BlippenTests.swift; sourceTree = "<group>"; };
		3310F0DC1E4373CA00B72817 /* Info.plist */ = {isa = PBXFileReference; lastKnownFileType = text.plist.xml; path = Info.plist; sourceTree = "<group>"; };
		3310F0E51E4373CA00B72817 /* BlippenUITests.swift */ = {isa = PBXFileReference; lastKnownFileType = sourcecode.swift; path = BlippenUITests.swift; sourceTree = "<group>"; };
		3310F0E71E4373CA00B72817 /* Info.plist */ = {isa = PBXFileReference; lastKnownFileType = text.plist.xml; path = Info.plist; sourceTree = "<group>"; };
/* End PBXFileReference section */

/* Begin PBXFrameworksBuildPhase section */
		3310F0BF1E4373C900B72817 /* Frameworks */ = {
			isa = PBXFrameworksBuildPhase;
			buildActionMask = 2147483647;
			files = (
			);
			runOnlyForDeploymentPostprocessing = 0;
		};
/* End PBXFrameworksBuildPhase section */

/* Begin PBXGroup section */
		3310F0B91E4373C900B72817 = {
			isa = PBXGroup;
			children = (
				3310F0C41E4373CA00B72817 /* Blippen */,
				3310F0D91E4373CA00B72817 /* BlippenTests */,
				3310F0E41E4373CA00B72817 /* BlippenUITests */,
				3310F0C31E4373CA00B72817 /* Products */,
			);
			sourceTree = "<group>";
		};
		3310F0C31E4373CA00B72817 /* Products */ = {
			isa = PBXGroup;
			children = (
				3310F0C21E4373CA00B72817 /* Blippen.app */,
			);
			name = Products;
			sourceTree = "<group>";
		};
		3310F0C41E4373CA00B72817 /* Blippen */ = {
			isa = PBXGroup;
			children = (
				3310F0C51E4373CA00B72817 /* AppDelegate.swift */,
				3310F0C71E4373CA00B72817 /* ViewController.swift */,
				3310F0C91E4373CA00B72817 /* Main.storyboard */,
				3310F0CC1E4373CA00B72817 /* Assets.xcassets */,
				3310F0CE1E4373CA00B72817 /* LaunchScreen.storyboard */,
				3310F0D11E4373CA00B72817 /* Info.plist */,
			);
			path = Blippen;
			sourceTree = "<group>";
		};
		3310F0D91E4373CA00B72817 /* BlippenTests */ = {
			isa = PBXGroup;
			children = (
				3310F0DA1E4373CA00B72817 /* BlippenTests.swift */,
				3310F0DC1E4373CA00B72817 /* Info.plist */,
			);
			path = BlippenTests;
			sourceTree = "<group>";
		};
		3310F0E41E4373CA00B72817 /* BlippenUITests */ = {
			isa = PBXGroup;
			children = (
				3310F0E51E4373CA00B72817 /* BlippenUITests.swift */,
				3310F0E71E4373CA00B72817 /* Info.plist */,
			);
			path = BlippenUITests;
			sourceTree = "<group>";
		};
/* End PBXGroup section */

/* Begin PBXNativeTarget section */
		3310F0C11E4373C900B72817 /* Blippen */ = {
			isa = PBXNativeTarget;
			buildConfigurationList = 3310F0EA1E4373CA00B72817 /* Build configuration list for PBXNativeTarget "Blippen" */;
			buildPhases = (
				3310F0BE1E4373C900B72817 /* Sources */,
				3310F0BF1E4373C900B72817 /* Frameworks */,
				3310F0C01E4373C900B72817 /* Resources */,
			);
			buildRules = (
			);
			dependencies = (
			);
			name = Blippen;
			productName = Blippen;
			productReference = 3310F0C21E4373CA00B72817 /* Blippen.app */;
			productType = "com.apple.product-type.application";
		};
/* End PBXNativeTarget section */

/* Begin PBXProject section */
		3310F0BA1E4373C900B72817 /* Project object */ = {
			isa = PBXProject;
			attributes = {
				LastSwiftUpdateCheck = 0820;
				LastUpgradeCheck = 0820;
				ORGANIZATIONNAME = "Tobias Lundgren";
				TargetAttributes = {
					3310F0C11E4373C900B72817 = {
						CreatedOnToolsVersion = 8.2.1;
						DevelopmentTeam = QDSAZY6BWH;
						ProvisioningStyle = Automatic;
					};
				};
			};
			buildConfigurationList = 3310F0BD1E4373C900B72817 /* Build configuration list for PBXProject "Blippen" */;
			compatibilityVersion = "Xcode 3.2";
			developmentRegion = English;
			hasScannedForEncodings = 0;
			knownRegions = (
				en,
				Base,
			);
			mainGroup = 3310F0B91E4373C900B72817;
			productRefGroup = 3310F0C31E4373CA00B72817 /* Products */;
			projectDirPath = "";
			projectRoot = "";
			targets = (
				3310F0C11E4373C900B72817 /* Blippen */,
			);
		};
/* End PBXProject section */

/* Begin PBXResourcesBuildPhase section */
		3310F0C01E4373C900B72817 /* Resources */ = {
			isa = PBXResourcesBuildPhase;
			buildActionMask = 2147483647;
			files = (
				3310F0D01E4373CA00B72817 /* LaunchScreen.storyboard in Resources */,
				3310F0CD1E4373CA00B72817 /* Assets.xcassets in Resources */,
				3310F0CB1E4373CA00B72817 /* Main.storyboard in Resources */,
			);
			runOnlyForDeploymentPostprocessing = 0;
		};
/* End PBXResourcesBuildPhase section */

/* Begin PBXSourcesBuildPhase section */
		3310F0BE1E4373C900B72817 /* Sources */ = {
			isa = PBXSourcesBuildPhase;
			buildActionMask = 2147483647;
			files = (
				3310F0C81E4373CA00B72817 /* ViewController.swift in Sources */,
				3310F0C61E4373CA00B72817 /* AppDelegate.swift in Sources */,
			);
			runOnlyForDeploymentPostprocessing = 0;
		};
/* End PBXSourcesBuildPhase section */

/* Begin PBXVariantGroup section */
		3310F0C91E4373CA00B72817 /* Main.storyboard */ = {
			isa = PBXVariantGroup;
			children = (
				3310F0CA1E4373CA00B72817 /* Base */,
			);
			name = Main.storyboard;
			sourceTree = "<group>";
		};
		3310F0CE1E4373CA00B72817 /* LaunchScreen.storyboard */ = {
			isa = PBXVariantGroup;
			children = (
				3310F0CF1E4373CA00B72817 /* Base */,
			);
			name = LaunchScreen.storyboard;
			sourceTree = "<group>";
		};
/* End PBXVariantGroup section */

/* Begin XCBuildConfiguration section */
		3310F0E81E4373CA00B72817 /* Debug */ = {
			isa = XCBuildConfiguration;
			buildSettings = {
				ALWAYS_SEARCH_USER_PATHS = NO;
				CLANG_ANALYZER_NONNULL = YES;
				CLANG_CXX_LANGUAGE_STANDARD = "gnu++0x";
				CLANG_CXX_LIBRARY = "libc++";
				CLANG_ENABLE_MODULES = YES;
				CLANG_ENABLE_OBJC_ARC = YES;
				CLANG_WARN_BOOL_CONVERSION = YES;
				CLANG_WARN_CONSTANT_CONVERSION = YES;
				CLANG_WARN_DIRECT_OBJC_ISA_USAGE = YES_ERROR;
				CLANG_WARN_DOCUMENTATION_COMMENTS = YES;
				CLANG_WARN_EMPTY_BODY = YES;
				CLANG_WARN_ENUM_CONVERSION = YES;
				CLANG_WARN_INFINITE_RECURSION = YES;
				CLANG_WARN_INT_CONVERSION = YES;
				CLANG_WARN_OBJC_ROOT_CLASS = YES_ERROR;
				CLANG_WARN_SUSPICIOUS_MOVE = YES;
				CLANG_WARN_UNREACHABLE_CODE = YES;
				CLANG_WARN__DUPLICATE_METHOD_MATCH = YES;
				"CODE_SIGN_IDENTITY[sdk=iphoneos*]" = "iPhone Developer";
				COPY_PHASE_STRIP = NO;
				DEBUG_INFORMATION_FORMAT = dwarf;
				ENABLE_STRICT_OBJC_MSGSEND = YES;
				ENABLE_TESTABILITY = YES;
				GCC_C_LANGUAGE_STANDARD = gnu99;
				GCC_DYNAMIC_NO_PIC = NO;
				GCC_NO_COMMON_BLOCKS = YES;
				GCC_OPTIMIZATION_LEVEL = 0;
				GCC_PREPROCESSOR_DEFINITIONS = (
					"DEBUG=1",
					"$(inherited)",
				);
				GCC_WARN_64_TO_32_BIT_CONVERSION = YES;
				GCC_WARN_ABOUT_RETURN_TYPE = YES_ERROR;
				GCC_WARN_UNDECLARED_SELECTOR = YES;
				GCC_WARN_UNINITIALIZED_AUTOS = YES_AGGRESSIVE;
				GCC_WARN_UNUSED_FUNCTION = YES;
				GCC_WARN_UNUSED_VARIABLE = YES;
				IPHONEOS_DEPLOYMENT_TARGET = 10.2;
				MTL_ENABLE_DEBUG_INFO = YES;
				ONLY_ACTIVE_ARCH = YES;
				SDKROOT = iphoneos;
				SWIFT_ACTIVE_COMPILATION_CONDITIONS = DEBUG;
				SWIFT_OPTIMIZATION_LEVEL = "-Onone";
				TARGETED_DEVICE_FAMILY = "1,2";
			};
			name = Debug;
		};
		3310F0E91E4373CA00B72817 /* Release */ = {
			isa = XCBuildConfiguration;
			buildSettings = {
				ALWAYS_SEARCH_USER_PATHS = NO;
				CLANG_ANALYZER_NONNULL = YES;
				CLANG_CXX_LANGUAGE_STANDARD = "gnu++0x";
				CLANG_CXX_LIBRARY = "libc++";
				CLANG_ENABLE_MODULES = YES;
				CLANG_ENABLE_OBJC_ARC = YES;
				CLANG_WARN_BOOL_CONVERSION = YES;
				CLANG_WARN_CONSTANT_CONVERSION = YES;
				CLANG_WARN_DIRECT_OBJC_ISA_USAGE = YES_ERROR;
				CLANG_WARN_DOCUMENTATION_COMMENTS = YES;
				CLANG_WARN_EMPTY_BODY = YES;
				CLANG_WARN_ENUM_CONVERSION = YES;
				CLANG_WARN_INFINITE_RECURSION = YES;
				CLANG_WARN_INT_CONVERSION = YES;
				CLANG_WARN_OBJC_ROOT_CLASS = YES_ERROR;
				CLANG_WARN_SUSPICIOUS_MOVE = YES;
				CLANG_WARN_UNREACHABLE_CODE = YES;
				CLANG_WARN__DUPLICATE_METHOD_MATCH = YES;
				"CODE_SIGN_IDENTITY[sdk=iphoneos*]" = "iPhone Developer";
				COPY_PHASE_STRIP = NO;
				DEBUG_INFORMATION_FORMAT = "dwarf-with-dsym";
				ENABLE_NS_ASSERTIONS = NO;
				ENABLE_STRICT_OBJC_MSGSEND = YES;
				GCC_C_LANGUAGE_STANDARD = gnu99;
				GCC_NO_COMMON_BLOCKS = YES;
				GCC_WARN_64_TO_32_BIT_CONVERSION = YES;
				GCC_WARN_ABOUT_RETURN_TYPE = YES_ERROR;
				GCC_WARN_UNDECLARED_SELECTOR = YES;
				GCC_WARN_UNINITIALIZED_AUTOS = YES_AGGRESSIVE;
				GCC_WARN_UNUSED_FUNCTION = YES;
				GCC_WARN_UNUSED_VARIABLE = YES;
				IPHONEOS_DEPLOYMENT_TARGET = 10.2;
				MTL_ENABLE_DEBUG_INFO = NO;
				SDKROOT = iphoneos;
				SWIFT_OPTIMIZATION_LEVEL = "-Owholemodule";
				TARGETED_DEVICE_FAMILY = "1,2";
				VALIDATE_PRODUCT = YES;
			};
			name = Release;
		};
		3310F0EB1E4373CA00B72817 /* Debug */ = {
			isa = XCBuildConfiguration;
			buildSettings = {
				ASSETCATALOG_COMPILER_APPICON_NAME = AppIcon;
				CODE_SIGN_IDENTITY = "iPhone Developer";
				"CODE_SIGN_IDENTITY[sdk=iphoneos*]" = "iPhone Developer";
				CODE_SIGN_STYLE = Automatic;
				DEVELOPMENT_TEAM = QDSAZY6BWH;
				INFOPLIST_FILE = Blippen/Info.plist;
				LD_RUNPATH_SEARCH_PATHS = "$(inherited) @executable_path/Frameworks";
				PRODUCT_BUNDLE_IDENTIFIER = org.baljan.blippen;
				PRODUCT_NAME = "$(TARGET_NAME)";
				PROVISIONING_PROFILE = "";
				PROVISIONING_PROFILE_SPECIFIER = "";
				SWIFT_VERSION = 3.0;
			};
			name = Debug;
		};
		3310F0EC1E4373CA00B72817 /* Release */ = {
			isa = XCBuildConfiguration;
			buildSettings = {
				ASSETCATALOG_COMPILER_APPICON_NAME = AppIcon;
				CODE_SIGN_IDENTITY = "iPhone Developer";
				"CODE_SIGN_IDENTITY[sdk=iphoneos*]" = "iPhone Developer";
				CODE_SIGN_STYLE = Automatic;
				DEVELOPMENT_TEAM = QDSAZY6BWH;
				INFOPLIST_FILE = Blippen/Info.plist;
				LD_RUNPATH_SEARCH_PATHS = "$(inherited) @executable_path/Frameworks";
				PRODUCT_BUNDLE_IDENTIFIER = org.baljan.blippen;
				PRODUCT_NAME = "$(TARGET_NAME)";
				PROVISIONING_PROFILE = "";
				PROVISIONING_PROFILE_SPECIFIER = "";
				SWIFT_VERSION = 3.0;
			};
			name = Release;
		};
/* End XCBuildConfiguration section */

/* Begin XCConfigurationList section */
		3310F0BD1E4373C900B72817 /* Build configuration list for PBXProject "Blippen" */ = {
			isa = XCConfigurationList;
			buildConfigurations = (
				3310F0E81E4373CA00B72817 /* Debug */,
				3310F0E91E4373CA00B72817 /* Release */,
			);
			defaultConfigurationIsVisible = 0;
			defaultConfigurationName = Release;
		};
		3310F0EA1E4373CA00B72817 /* Build configuration list for PBXNativeTarget "Blippen" */ = {
			isa = XCConfigurationList;
			buildConfigurations = (
				3310F0EB1E4373CA00B72817 /* Debug */,
				3310F0EC1E4373CA00B72817 /* Release */,
			);
			defaultConfigurationIsVisible = 0;
			defaultConfigurationName = Release;
		};
/* End XCConfigurationList section */
	};
	rootObject = 3310F0BA1E4373C900B72817 /* Project object */;
}
